
Microsoft Visual Studio Solution File, Format Version 12.00
# Visual Studio Version 17
VisualStudioVersion = 17.11.35222.181
MinimumVisualStudioVersion = 10.0.40219.1
Project("{9A19103F-16F7-4668-BE54-9A1E7A4F7556}") = "CSharp_lab04", "CSharp_lab04\CSharp_lab04.csproj", "{05880B2C-EB49-4BF4-9A3E-BE5E245BB10E}"
EndProject
Project("{FAE04EC0-301F-11D3-BF4B-00C04F79EFBC}") = "CSharp_lab04_2", "CSharp_lab04_2\CSharp_lab04_2.csproj", "{2D306142-4832-4CC1-B3D3-36257304E8C2}"
EndProject
Project("{FAE04EC0-301F-11D3-BF4B-00C04F79EFBC}") = "CSharp_lab04_3", "CSharp_lab04_3\CSharp_lab04_3.csproj", "{8A10F7A9-D46C-4CD0-9C28-D069CB381CC9}"
EndProject
Global
	GlobalSection(SolutionConfigurationPlatforms) = preSolution
		Debug|Any CPU = Debug|Any CPU
		Release|Any CPU = Release|Any CPU
	EndGlobalSection
	GlobalSection(ProjectConfigurationPlatforms) = postSolution
		{05880B2C-EB49-4BF4-9A3E-BE5E245BB10E}.Debug|Any CPU.ActiveCfg = Debug|Any CPU
		{05880B2C-EB49-4BF4-9A3E-BE5E245BB10E}.Debug|Any CPU.Build.0 = Debug|Any CPU
		{05880B2C-EB49-4BF4-9A3E-BE5E245BB10E}.Release|Any CPU.ActiveCfg = Release|Any CPU
		{05880B2C-EB49-4BF4-9A3E-BE5E245BB10E}.Release|Any CPU.Build.0 = Release|Any CPU
		{2D306142-4832-4CC1-B3D3-36257304E8C2}.Debug|Any CPU.ActiveCfg = Debug|Any CPU
		{2D306142-4832-4CC1-B3D3-36257304E8C2}.Debug|Any CPU.Build.0 = Debug|Any CPU
		{2D306142-4832-4CC1-B3D3-36257304E8C2}.Release|Any CPU.ActiveCfg = Release|Any CPU
		{2D306142-4832-4CC1-B3D3-36257304E8C2}.Release|Any CPU.Build.0 = Release|Any CPU
		{8A10F7A9-D46C-4CD0-9C28-D069CB381CC9}.Debug|Any CPU.ActiveCfg = Debug|Any CPU
		{8A10F7A9-D46C-4CD0-9C28-D069CB381CC9}.Debug|Any CPU.Build.0 = Debug|Any CPU
		{8A10F7A9-D46C-4CD0-9C28-D069CB381CC9}.Release|Any CPU.ActiveCfg = Release|Any CPU
		{8A10F7A9-D46C-4CD0-9C28-D069CB381CC9}.Release|Any CPU.Build.0 = Release|Any CPU
	EndGlobalSection
	GlobalSection(SolutionProperties) = preSolution
		HideSolutionNode = FALSE
	EndGlobalSection
	GlobalSection(ExtensibilityGlobals) = postSolution
		SolutionGuid = {7CF4B87B-3D3A-4B23-AFBC-60EF9B9B3A91}
	EndGlobalSection
EndGlobal
